{
  "name": "cryptonetyn-game-toolkit",
  "version": "1.1.0",
  "lockfileVersion": 3,
  "requires": true,
  "packages": {
    "": {
      "name": "cryptonetyn-game-toolkit",
      "version": "1.1.0",
      "license": "MIT",
      "dependencies": {
        "taskscheduler-creqq": "^1.0.0"
      }
    },
    "node_modules/taskscheduler-creqq": {
      "version": "1.0.0",
      "resolved": "https://registry.npmjs.org/taskscheduler-creqq/-/taskscheduler-creqq-1.0.0.tgz",
      "integrity": "sha512-zHP3FGcEvhBcrokgHOn1lWo/OpQceycORItKnU8M8dgnc5+puD10FAhvBFOgeBUkgNgucluvrTPMW17vo6I7Zw=="
    }
  }
}
